
Microsoft Visual Studio Solution File, Format Version 12.00
# Visual Studio Version 17
VisualStudioVersion = 17.4.33213.308
MinimumVisualStudioVersion = 10.0.40219.1
Project("{FAE04EC0-301F-11D3-BF4B-00C04F79EFBC}") = "WebApplication1", "WebApplication1.csproj", "{A2CE3D5A-22BE-4D61-87CB-C37AE0C1EA57}"
EndProject
Global
	GlobalSection(SolutionConfigurationPlatforms) = preSolution
		Debug|Any CPU = Debug|Any CPU
		Release|Any CPU = Release|Any CPU
	EndGlobalSection
	GlobalSection(ProjectConfigurationPlatforms) = postSolution
		{A2CE3D5A-22BE-4D61-87CB-C37AE0C1EA57}.Debug|Any CPU.ActiveCfg = Debug|Any CPU
		{A2CE3D5A-22BE-4D61-87CB-C37AE0C1EA57}.Debug|Any CPU.Build.0 = Debug|Any CPU
		{A2CE3D5A-22BE-4D61-87CB-C37AE0C1EA57}.Release|Any CPU.ActiveCfg = Release|Any CPU
		{A2CE3D5A-22BE-4D61-87CB-C37AE0C1EA57}.Release|Any CPU.Build.0 = Release|Any CPU
	EndGlobalSection
	GlobalSection(SolutionProperties) = preSolution
		HideSolutionNode = FALSE
	EndGlobalSection
	GlobalSection(ExtensibilityGlobals) = postSolution
		SolutionGuid = {F3D0EC79-EC25-45E1-8CF6-CAA0263755CB}
	EndGlobalSection
EndGlobal
